
Microsoft Visual Studio Solution File, Format Version 12.00
# Visual Studio Version 17
VisualStudioVersion = 17.5.33516.290
MinimumVisualStudioVersion = 10.0.40219.1
Project("{9A19103F-16F7-4668-BE54-9A1E7A4F7556}") = "MyApp.User", "MyApp.User\MyApp.User.csproj", "{4C1674D7-E2CE-46C4-ACAA-A950C965DA6C}"
EndProject
Project("{FAE04EC0-301F-11D3-BF4B-00C04F79EFBC}") = "MyApp.DAL", "MyApp.DAL\MyApp.DAL.csproj", "{1D1A10B7-89BF-46F9-BA00-520B1676F461}"
EndProject
Global
	GlobalSection(SolutionConfigurationPlatforms) = preSolution
		Debug|Any CPU = Debug|Any CPU
		Release|Any CPU = Release|Any CPU
	EndGlobalSection
	GlobalSection(ProjectConfigurationPlatforms) = postSolution
		{4C1674D7-E2CE-46C4-ACAA-A950C965DA6C}.Debug|Any CPU.ActiveCfg = Debug|Any CPU
		{4C1674D7-E2CE-46C4-ACAA-A950C965DA6C}.Debug|Any CPU.Build.0 = Debug|Any CPU
		{4C1674D7-E2CE-46C4-ACAA-A950C965DA6C}.Release|Any CPU.ActiveCfg = Release|Any CPU
		{4C1674D7-E2CE-46C4-ACAA-A950C965DA6C}.Release|Any CPU.Build.0 = Release|Any CPU
		{1D1A10B7-89BF-46F9-BA00-520B1676F461}.Debug|Any CPU.ActiveCfg = Debug|Any CPU
		{1D1A10B7-89BF-46F9-BA00-520B1676F461}.Debug|Any CPU.Build.0 = Debug|Any CPU
		{1D1A10B7-89BF-46F9-BA00-520B1676F461}.Release|Any CPU.ActiveCfg = Release|Any CPU
		{1D1A10B7-89BF-46F9-BA00-520B1676F461}.Release|Any CPU.Build.0 = Release|Any CPU
	EndGlobalSection
	GlobalSection(SolutionProperties) = preSolution
		HideSolutionNode = FALSE
	EndGlobalSection
	GlobalSection(ExtensibilityGlobals) = postSolution
		SolutionGuid = {EFA66D09-B195-413B-B05A-6D48486AE04C}
	EndGlobalSection
EndGlobal
